
Microsoft Visual Studio Solution File, Format Version 12.00
# Visual Studio Version 17
VisualStudioVersion = 17.2.32616.157
MinimumVisualStudioVersion = 10.0.40219.1
Project("{FAE04EC0-301F-11D3-BF4B-00C04F79EFBC}") = "Blur.WebSocket", "Blur.WebSocket\Blur.WebSocket.csproj", "{468630E3-A8AC-463D-B151-CE8217F03A4D}"
EndProject
Global
	GlobalSection(SolutionConfigurationPlatforms) = preSolution
		Debug|Any CPU = Debug|Any CPU
		Release|Any CPU = Release|Any CPU
	EndGlobalSection
	GlobalSection(ProjectConfigurationPlatforms) = postSolution
		{468630E3-A8AC-463D-B151-CE8217F03A4D}.Debug|Any CPU.ActiveCfg = Debug|Any CPU
		{468630E3-A8AC-463D-B151-CE8217F03A4D}.Debug|Any CPU.Build.0 = Debug|Any CPU
		{468630E3-A8AC-463D-B151-CE8217F03A4D}.Release|Any CPU.ActiveCfg = Release|Any CPU
		{468630E3-A8AC-463D-B151-CE8217F03A4D}.Release|Any CPU.Build.0 = Release|Any CPU
	EndGlobalSection
	GlobalSection(SolutionProperties) = preSolution
		HideSolutionNode = FALSE
	EndGlobalSection
	GlobalSection(ExtensibilityGlobals) = postSolution
		SolutionGuid = {7D897E36-2771-45A1-93B5-893CE25A1460}
	EndGlobalSection
EndGlobal
